
Microsoft Visual Studio Solution File, Format Version 12.00
# Visual Studio Version 17
VisualStudioVersion = 17.14.36414.22 d17.14
MinimumVisualStudioVersion = 10.0.40219.1
Project("{FAE04EC0-301F-11D3-BF4B-00C04F79EFBC}") = "TrabalhoPim4Web", "TrabalhoPim4Web\TrabalhoPim4Web.csproj", "{098A87FF-95CC-499E-B9A0-A46F65ADF828}"
EndProject
Global
	GlobalSection(SolutionConfigurationPlatforms) = preSolution
		Debug|Any CPU = Debug|Any CPU
		Release|Any CPU = Release|Any CPU
	EndGlobalSection
	GlobalSection(ProjectConfigurationPlatforms) = postSolution
		{098A87FF-95CC-499E-B9A0-A46F65ADF828}.Debug|Any CPU.ActiveCfg = Debug|Any CPU
		{098A87FF-95CC-499E-B9A0-A46F65ADF828}.Debug|Any CPU.Build.0 = Debug|Any CPU
		{098A87FF-95CC-499E-B9A0-A46F65ADF828}.Release|Any CPU.ActiveCfg = Release|Any CPU
		{098A87FF-95CC-499E-B9A0-A46F65ADF828}.Release|Any CPU.Build.0 = Release|Any CPU
	EndGlobalSection
	GlobalSection(SolutionProperties) = preSolution
		HideSolutionNode = FALSE
	EndGlobalSection
	GlobalSection(ExtensibilityGlobals) = postSolution
		SolutionGuid = {56143ADD-B413-441A-B09B-B36A55694190}
	EndGlobalSection
EndGlobal
